
Microsoft Visual Studio Solution File, Format Version 12.00
# Visual Studio Version 17
VisualStudioVersion = 17.13.35931.197 d17.13
MinimumVisualStudioVersion = 10.0.40219.1
Project("{FAE04EC0-301F-11D3-BF4B-00C04F79EFBC}") = "Date", "Date\Date.csproj", "{AF24BAF4-A568-4A24-B09F-89979E41A567}"
EndProject
Global
	GlobalSection(SolutionConfigurationPlatforms) = preSolution
		Debug|Any CPU = Debug|Any CPU
		Release|Any CPU = Release|Any CPU
	EndGlobalSection
	GlobalSection(ProjectConfigurationPlatforms) = postSolution
		{AF24BAF4-A568-4A24-B09F-89979E41A567}.Debug|Any CPU.ActiveCfg = Debug|Any CPU
		{AF24BAF4-A568-4A24-B09F-89979E41A567}.Debug|Any CPU.Build.0 = Debug|Any CPU
		{AF24BAF4-A568-4A24-B09F-89979E41A567}.Release|Any CPU.ActiveCfg = Release|Any CPU
		{AF24BAF4-A568-4A24-B09F-89979E41A567}.Release|Any CPU.Build.0 = Release|Any CPU
	EndGlobalSection
	GlobalSection(SolutionProperties) = preSolution
		HideSolutionNode = FALSE
	EndGlobalSection
	GlobalSection(ExtensibilityGlobals) = postSolution
		SolutionGuid = {B8F3A610-AA7B-4F80-80AB-78FCA63917AE}
	EndGlobalSection
EndGlobal
